Microsoft Visual Studio Solution File, Format Version 12.00
# Visual Studio 2012
Project("{8BC9CEB8-8B4A-11D0-8D11-00A0C91BC942}") = "ALL_BUILD", "ALL_BUILD.vcxproj", "{BE663033-33E3-4B6A-98E4-B6E5B4BC1841}"
	ProjectSection(ProjectDependencies) = postProject
		{4BC1E7E5-A6D0-40AE-BA6F-C090235BB84D} = {4BC1E7E5-A6D0-40AE-BA6F-C090235BB84D}
	EndProjectSection
EndProject
Project("{8BC9CEB8-8B4A-11D0-8D11-00A0C91BC942}") = "INSTALL", "INSTALL.vcxproj", "{9BD2F67F-58E9-4868-BC20-DEF8B78598CB}"
	ProjectSection(ProjectDependencies) = postProject
		{BE663033-33E3-4B6A-98E4-B6E5B4BC1841} = {BE663033-33E3-4B6A-98E4-B6E5B4BC1841}
	EndProjectSection
EndProject
Project("{8BC9CEB8-8B4A-11D0-8D11-00A0C91BC942}") = "PACKAGE", "PACKAGE.vcxproj", "{FF74A7AC-AD5C-469F-A723-2B0A7E8FDEF4}"
	ProjectSection(ProjectDependencies) = postProject
		{BE663033-33E3-4B6A-98E4-B6E5B4BC1841} = {BE663033-33E3-4B6A-98E4-B6E5B4BC1841}
	EndProjectSection
EndProject
Project("{8BC9CEB8-8B4A-11D0-8D11-00A0C91BC942}") = "RobcioApp", "RobcioApp.vcxproj", "{4BC1E7E5-A6D0-40AE-BA6F-C090235BB84D}"
	ProjectSection(ProjectDependencies) = postProject
		{542D513E-037B-4AC9-8797-B350CF2DA2F1} = {542D513E-037B-4AC9-8797-B350CF2DA2F1}
		{CE67D16B-98B9-4042-B588-9EEDE99E21F7} = {CE67D16B-98B9-4042-B588-9EEDE99E21F7}
		{C3A2FB9D-0DB7-4E9C-825A-8128CA1B015F} = {C3A2FB9D-0DB7-4E9C-825A-8128CA1B015F}
		{4069F677-587B-4913-AA39-E7BA81A7AA71} = {4069F677-587B-4913-AA39-E7BA81A7AA71}
		{D0361F9F-DC1A-4E95-AAF1-0EAE73B43306} = {D0361F9F-DC1A-4E95-AAF1-0EAE73B43306}
		{754E5B78-C712-479F-8C01-71D33FCACD41} = {754E5B78-C712-479F-8C01-71D33FCACD41}
		{82ACBFAF-D873-471C-BF68-EBEE70CC3473} = {82ACBFAF-D873-471C-BF68-EBEE70CC3473}
		{00B2AFE5-F5FD-401D-956D-B5A87A9D6A89} = {00B2AFE5-F5FD-401D-956D-B5A87A9D6A89}
		{56549A90-9B8C-4350-BEEF-0B8775BDACC1} = {56549A90-9B8C-4350-BEEF-0B8775BDACC1}
		{F868361D-653E-4751-853B-557D5BC6318A} = {F868361D-653E-4751-853B-557D5BC6318A}
		{950E0E33-1952-4A80-8759-73125BF9275C} = {950E0E33-1952-4A80-8759-73125BF9275C}
		{8B16F0C6-842C-4D99-9BF2-F86D449F52F1} = {8B16F0C6-842C-4D99-9BF2-F86D449F52F1}
		{D6CDA744-10CF-461C-B1FC-51C7E69C514C} = {D6CDA744-10CF-461C-B1FC-51C7E69C514C}
	EndProjectSection
EndProject
Project("{8BC9CEB8-8B4A-11D0-8D11-00A0C91BC942}") = "ZERO_CHECK", "..\..\ZERO_CHECK.vcxproj", "{542D513E-037B-4AC9-8797-B350CF2DA2F1}"
	ProjectSection(ProjectDependencies) = postProject
	EndProjectSection
EndProject
Project("{8BC9CEB8-8B4A-11D0-8D11-00A0C91BC942}") = "mrpt-base", "..\..\libs\base\mrpt-base.vcxproj", "{CE67D16B-98B9-4042-B588-9EEDE99E21F7}"
	ProjectSection(ProjectDependencies) = postProject
		{542D513E-037B-4AC9-8797-B350CF2DA2F1} = {542D513E-037B-4AC9-8797-B350CF2DA2F1}
	EndProjectSection
EndProject
Project("{8BC9CEB8-8B4A-11D0-8D11-00A0C91BC942}") = "mrpt-bayes", "..\..\libs\bayes\mrpt-bayes.vcxproj", "{C3A2FB9D-0DB7-4E9C-825A-8128CA1B015F}"
	ProjectSection(ProjectDependencies) = postProject
		{542D513E-037B-4AC9-8797-B350CF2DA2F1} = {542D513E-037B-4AC9-8797-B350CF2DA2F1}
		{CE67D16B-98B9-4042-B588-9EEDE99E21F7} = {CE67D16B-98B9-4042-B588-9EEDE99E21F7}
	EndProjectSection
EndProject
Project("{8BC9CEB8-8B4A-11D0-8D11-00A0C91BC942}") = "mrpt-graphs", "..\..\libs\graphs\mrpt-graphs.vcxproj", "{4069F677-587B-4913-AA39-E7BA81A7AA71}"
	ProjectSection(ProjectDependencies) = postProject
		{542D513E-037B-4AC9-8797-B350CF2DA2F1} = {542D513E-037B-4AC9-8797-B350CF2DA2F1}
		{CE67D16B-98B9-4042-B588-9EEDE99E21F7} = {CE67D16B-98B9-4042-B588-9EEDE99E21F7}
	EndProjectSection
EndProject
Project("{8BC9CEB8-8B4A-11D0-8D11-00A0C91BC942}") = "mrpt-gui", "..\..\libs\gui\mrpt-gui.vcxproj", "{D0361F9F-DC1A-4E95-AAF1-0EAE73B43306}"
	ProjectSection(ProjectDependencies) = postProject
		{542D513E-037B-4AC9-8797-B350CF2DA2F1} = {542D513E-037B-4AC9-8797-B350CF2DA2F1}
		{CE67D16B-98B9-4042-B588-9EEDE99E21F7} = {CE67D16B-98B9-4042-B588-9EEDE99E21F7}
		{00B2AFE5-F5FD-401D-956D-B5A87A9D6A89} = {00B2AFE5-F5FD-401D-956D-B5A87A9D6A89}
	EndProjectSection
EndProject
Project("{8BC9CEB8-8B4A-11D0-8D11-00A0C91BC942}") = "mrpt-maps", "..\..\libs\maps\mrpt-maps.vcxproj", "{754E5B78-C712-479F-8C01-71D33FCACD41}"
	ProjectSection(ProjectDependencies) = postProject
		{542D513E-037B-4AC9-8797-B350CF2DA2F1} = {542D513E-037B-4AC9-8797-B350CF2DA2F1}
		{CE67D16B-98B9-4042-B588-9EEDE99E21F7} = {CE67D16B-98B9-4042-B588-9EEDE99E21F7}
		{82ACBFAF-D873-471C-BF68-EBEE70CC3473} = {82ACBFAF-D873-471C-BF68-EBEE70CC3473}
		{00B2AFE5-F5FD-401D-956D-B5A87A9D6A89} = {00B2AFE5-F5FD-401D-956D-B5A87A9D6A89}
	EndProjectSection
EndProject
Project("{8BC9CEB8-8B4A-11D0-8D11-00A0C91BC942}") = "mrpt-obs", "..\..\libs\obs\mrpt-obs.vcxproj", "{82ACBFAF-D873-471C-BF68-EBEE70CC3473}"
	ProjectSection(ProjectDependencies) = postProject
		{542D513E-037B-4AC9-8797-B350CF2DA2F1} = {542D513E-037B-4AC9-8797-B350CF2DA2F1}
		{CE67D16B-98B9-4042-B588-9EEDE99E21F7} = {CE67D16B-98B9-4042-B588-9EEDE99E21F7}
		{00B2AFE5-F5FD-401D-956D-B5A87A9D6A89} = {00B2AFE5-F5FD-401D-956D-B5A87A9D6A89}
	EndProjectSection
EndProject
Project("{8BC9CEB8-8B4A-11D0-8D11-00A0C91BC942}") = "mrpt-opengl", "..\..\libs\opengl\mrpt-opengl.vcxproj", "{00B2AFE5-F5FD-401D-956D-B5A87A9D6A89}"
	ProjectSection(ProjectDependencies) = postProject
		{542D513E-037B-4AC9-8797-B350CF2DA2F1} = {542D513E-037B-4AC9-8797-B350CF2DA2F1}
		{CE67D16B-98B9-4042-B588-9EEDE99E21F7} = {CE67D16B-98B9-4042-B588-9EEDE99E21F7}
	EndProjectSection
EndProject
Project("{8BC9CEB8-8B4A-11D0-8D11-00A0C91BC942}") = "mrpt-scanmatching", "..\..\libs\scanmatching\mrpt-scanmatching.vcxproj", "{56549A90-9B8C-4350-BEEF-0B8775BDACC1}"
	ProjectSection(ProjectDependencies) = postProject
		{542D513E-037B-4AC9-8797-B350CF2DA2F1} = {542D513E-037B-4AC9-8797-B350CF2DA2F1}
		{CE67D16B-98B9-4042-B588-9EEDE99E21F7} = {CE67D16B-98B9-4042-B588-9EEDE99E21F7}
	EndProjectSection
EndProject
Project("{8BC9CEB8-8B4A-11D0-8D11-00A0C91BC942}") = "mrpt-slam", "..\..\libs\slam\mrpt-slam.vcxproj", "{F868361D-653E-4751-853B-557D5BC6318A}"
	ProjectSection(ProjectDependencies) = postProject
		{542D513E-037B-4AC9-8797-B350CF2DA2F1} = {542D513E-037B-4AC9-8797-B350CF2DA2F1}
		{CE67D16B-98B9-4042-B588-9EEDE99E21F7} = {CE67D16B-98B9-4042-B588-9EEDE99E21F7}
		{C3A2FB9D-0DB7-4E9C-825A-8128CA1B015F} = {C3A2FB9D-0DB7-4E9C-825A-8128CA1B015F}
		{4069F677-587B-4913-AA39-E7BA81A7AA71} = {4069F677-587B-4913-AA39-E7BA81A7AA71}
		{754E5B78-C712-479F-8C01-71D33FCACD41} = {754E5B78-C712-479F-8C01-71D33FCACD41}
		{82ACBFAF-D873-471C-BF68-EBEE70CC3473} = {82ACBFAF-D873-471C-BF68-EBEE70CC3473}
		{00B2AFE5-F5FD-401D-956D-B5A87A9D6A89} = {00B2AFE5-F5FD-401D-956D-B5A87A9D6A89}
		{56549A90-9B8C-4350-BEEF-0B8775BDACC1} = {56549A90-9B8C-4350-BEEF-0B8775BDACC1}
		{8B16F0C6-842C-4D99-9BF2-F86D449F52F1} = {8B16F0C6-842C-4D99-9BF2-F86D449F52F1}
	EndProjectSection
EndProject
Project("{8BC9CEB8-8B4A-11D0-8D11-00A0C91BC942}") = "mrpt-topography", "..\..\libs\topography\mrpt-topography.vcxproj", "{950E0E33-1952-4A80-8759-73125BF9275C}"
	ProjectSection(ProjectDependencies) = postProject
		{542D513E-037B-4AC9-8797-B350CF2DA2F1} = {542D513E-037B-4AC9-8797-B350CF2DA2F1}
		{CE67D16B-98B9-4042-B588-9EEDE99E21F7} = {CE67D16B-98B9-4042-B588-9EEDE99E21F7}
		{82ACBFAF-D873-471C-BF68-EBEE70CC3473} = {82ACBFAF-D873-471C-BF68-EBEE70CC3473}
		{00B2AFE5-F5FD-401D-956D-B5A87A9D6A89} = {00B2AFE5-F5FD-401D-956D-B5A87A9D6A89}
		{56549A90-9B8C-4350-BEEF-0B8775BDACC1} = {56549A90-9B8C-4350-BEEF-0B8775BDACC1}
	EndProjectSection
EndProject
Project("{8BC9CEB8-8B4A-11D0-8D11-00A0C91BC942}") = "mrpt-vision", "..\..\libs\vision\mrpt-vision.vcxproj", "{8B16F0C6-842C-4D99-9BF2-F86D449F52F1}"
	ProjectSection(ProjectDependencies) = postProject
		{542D513E-037B-4AC9-8797-B350CF2DA2F1} = {542D513E-037B-4AC9-8797-B350CF2DA2F1}
		{CE67D16B-98B9-4042-B588-9EEDE99E21F7} = {CE67D16B-98B9-4042-B588-9EEDE99E21F7}
		{82ACBFAF-D873-471C-BF68-EBEE70CC3473} = {82ACBFAF-D873-471C-BF68-EBEE70CC3473}
		{00B2AFE5-F5FD-401D-956D-B5A87A9D6A89} = {00B2AFE5-F5FD-401D-956D-B5A87A9D6A89}
	EndProjectSection
EndProject
Project("{8BC9CEB8-8B4A-11D0-8D11-00A0C91BC942}") = "mrptwxthings", "..\..\otherlibs\wxThings\mrptwxthings.vcxproj", "{D6CDA744-10CF-461C-B1FC-51C7E69C514C}"
	ProjectSection(ProjectDependencies) = postProject
		{542D513E-037B-4AC9-8797-B350CF2DA2F1} = {542D513E-037B-4AC9-8797-B350CF2DA2F1}
	EndProjectSection
EndProject
Project("{2150E333-8FDC-42A3-9474-1A3956D46DE8}") = "3rd party", "3rd party", "{2658D48A-4FDE-42D5-86DB-933C46D7EF06}"
EndProject
Project("{2150E333-8FDC-42A3-9474-1A3956D46DE8}") = "CMakeTargets", "CMakeTargets", "{B58AADA9-11DF-46E8-918B-B2DEB9F529CB}"
EndProject
Project("{2150E333-8FDC-42A3-9474-1A3956D46DE8}") = "applications", "applications", "{0B79AC38-5ED3-4931-8A97-6E84966C67C7}"
EndProject
Project("{2150E333-8FDC-42A3-9474-1A3956D46DE8}") = "modules", "modules", "{1539E18E-CBF2-4104-B81B-766BCAF33EA5}"
EndProject
Global
	GlobalSection(SolutionConfigurationPlatforms) = preSolution
		Debug|Win32 = Debug|Win32
		Release|Win32 = Release|Win32
		MinSizeRel|Win32 = MinSizeRel|Win32
		RelWithDebInfo|Win32 = RelWithDebInfo|Win32
	EndGlobalSection
	GlobalSection(ProjectConfigurationPlatforms) = postSolution
		{BE663033-33E3-4B6A-98E4-B6E5B4BC1841}.Debug|Win32.ActiveCfg = Debug|Win32
		{BE663033-33E3-4B6A-98E4-B6E5B4BC1841}.Debug|Win32.Build.0 = Debug|Win32
		{BE663033-33E3-4B6A-98E4-B6E5B4BC1841}.Release|Win32.ActiveCfg = Release|Win32
		{BE663033-33E3-4B6A-98E4-B6E5B4BC1841}.Release|Win32.Build.0 = Release|Win32
		{BE663033-33E3-4B6A-98E4-B6E5B4BC1841}.MinSizeRel|Win32.ActiveCfg = MinSizeRel|Win32
		{BE663033-33E3-4B6A-98E4-B6E5B4BC1841}.MinSizeRel|Win32.Build.0 = MinSizeRel|Win32
		{BE663033-33E3-4B6A-98E4-B6E5B4BC1841}.RelWithDebInfo|Win32.ActiveCfg = RelWithDebInfo|Win32
		{BE663033-33E3-4B6A-98E4-B6E5B4BC1841}.RelWithDebInfo|Win32.Build.0 = RelWithDebInfo|Win32
		{9BD2F67F-58E9-4868-BC20-DEF8B78598CB}.Debug|Win32.ActiveCfg = Debug|Win32
		{9BD2F67F-58E9-4868-BC20-DEF8B78598CB}.Release|Win32.ActiveCfg = Release|Win32
		{9BD2F67F-58E9-4868-BC20-DEF8B78598CB}.MinSizeRel|Win32.ActiveCfg = MinSizeRel|Win32
		{9BD2F67F-58E9-4868-BC20-DEF8B78598CB}.RelWithDebInfo|Win32.ActiveCfg = RelWithDebInfo|Win32
		{FF74A7AC-AD5C-469F-A723-2B0A7E8FDEF4}.Debug|Win32.ActiveCfg = Debug|Win32
		{FF74A7AC-AD5C-469F-A723-2B0A7E8FDEF4}.Release|Win32.ActiveCfg = Release|Win32
		{FF74A7AC-AD5C-469F-A723-2B0A7E8FDEF4}.MinSizeRel|Win32.ActiveCfg = MinSizeRel|Win32
		{FF74A7AC-AD5C-469F-A723-2B0A7E8FDEF4}.RelWithDebInfo|Win32.ActiveCfg = RelWithDebInfo|Win32
		{4BC1E7E5-A6D0-40AE-BA6F-C090235BB84D}.Debug|Win32.ActiveCfg = Debug|Win32
		{4BC1E7E5-A6D0-40AE-BA6F-C090235BB84D}.Debug|Win32.Build.0 = Debug|Win32
		{4BC1E7E5-A6D0-40AE-BA6F-C090235BB84D}.Release|Win32.ActiveCfg = Release|Win32
		{4BC1E7E5-A6D0-40AE-BA6F-C090235BB84D}.Release|Win32.Build.0 = Release|Win32
		{4BC1E7E5-A6D0-40AE-BA6F-C090235BB84D}.MinSizeRel|Win32.ActiveCfg = MinSizeRel|Win32
		{4BC1E7E5-A6D0-40AE-BA6F-C090235BB84D}.MinSizeRel|Win32.Build.0 = MinSizeRel|Win32
		{4BC1E7E5-A6D0-40AE-BA6F-C090235BB84D}.RelWithDebInfo|Win32.ActiveCfg = RelWithDebInfo|Win32
		{4BC1E7E5-A6D0-40AE-BA6F-C090235BB84D}.RelWithDebInfo|Win32.Build.0 = RelWithDebInfo|Win32
		{542D513E-037B-4AC9-8797-B350CF2DA2F1}.Debug|Win32.ActiveCfg = Debug|Win32
		{542D513E-037B-4AC9-8797-B350CF2DA2F1}.Debug|Win32.Build.0 = Debug|Win32
		{542D513E-037B-4AC9-8797-B350CF2DA2F1}.Release|Win32.ActiveCfg = Release|Win32
		{542D513E-037B-4AC9-8797-B350CF2DA2F1}.Release|Win32.Build.0 = Release|Win32
		{542D513E-037B-4AC9-8797-B350CF2DA2F1}.MinSizeRel|Win32.ActiveCfg = MinSizeRel|Win32
		{542D513E-037B-4AC9-8797-B350CF2DA2F1}.MinSizeRel|Win32.Build.0 = MinSizeRel|Win32
		{542D513E-037B-4AC9-8797-B350CF2DA2F1}.RelWithDebInfo|Win32.ActiveCfg = RelWithDebInfo|Win32
		{542D513E-037B-4AC9-8797-B350CF2DA2F1}.RelWithDebInfo|Win32.Build.0 = RelWithDebInfo|Win32
		{CE67D16B-98B9-4042-B588-9EEDE99E21F7}.Debug|Win32.ActiveCfg = Debug|Win32
		{CE67D16B-98B9-4042-B588-9EEDE99E21F7}.Debug|Win32.Build.0 = Debug|Win32
		{CE67D16B-98B9-4042-B588-9EEDE99E21F7}.Release|Win32.ActiveCfg = Release|Win32
		{CE67D16B-98B9-4042-B588-9EEDE99E21F7}.Release|Win32.Build.0 = Release|Win32
		{CE67D16B-98B9-4042-B588-9EEDE99E21F7}.MinSizeRel|Win32.ActiveCfg = MinSizeRel|Win32
		{CE67D16B-98B9-4042-B588-9EEDE99E21F7}.MinSizeRel|Win32.Build.0 = MinSizeRel|Win32
		{CE67D16B-98B9-4042-B588-9EEDE99E21F7}.RelWithDebInfo|Win32.ActiveCfg = RelWithDebInfo|Win32
		{CE67D16B-98B9-4042-B588-9EEDE99E21F7}.RelWithDebInfo|Win32.Build.0 = RelWithDebInfo|Win32
		{C3A2FB9D-0DB7-4E9C-825A-8128CA1B015F}.Debug|Win32.ActiveCfg = Debug|Win32
		{C3A2FB9D-0DB7-4E9C-825A-8128CA1B015F}.Debug|Win32.Build.0 = Debug|Win32
		{C3A2FB9D-0DB7-4E9C-825A-8128CA1B015F}.Release|Win32.ActiveCfg = Release|Win32
		{C3A2FB9D-0DB7-4E9C-825A-8128CA1B015F}.Release|Win32.Build.0 = Release|Win32
		{C3A2FB9D-0DB7-4E9C-825A-8128CA1B015F}.MinSizeRel|Win32.ActiveCfg = MinSizeRel|Win32
		{C3A2FB9D-0DB7-4E9C-825A-8128CA1B015F}.MinSizeRel|Win32.Build.0 = MinSizeRel|Win32
		{C3A2FB9D-0DB7-4E9C-825A-8128CA1B015F}.RelWithDebInfo|Win32.ActiveCfg = RelWithDebInfo|Win32
		{C3A2FB9D-0DB7-4E9C-825A-8128CA1B015F}.RelWithDebInfo|Win32.Build.0 = RelWithDebInfo|Win32
		{4069F677-587B-4913-AA39-E7BA81A7AA71}.Debug|Win32.ActiveCfg = Debug|Win32
		{4069F677-587B-4913-AA39-E7BA81A7AA71}.Debug|Win32.Build.0 = Debug|Win32
		{4069F677-587B-4913-AA39-E7BA81A7AA71}.Release|Win32.ActiveCfg = Release|Win32
		{4069F677-587B-4913-AA39-E7BA81A7AA71}.Release|Win32.Build.0 = Release|Win32
		{4069F677-587B-4913-AA39-E7BA81A7AA71}.MinSizeRel|Win32.ActiveCfg = MinSizeRel|Win32
		{4069F677-587B-4913-AA39-E7BA81A7AA71}.MinSizeRel|Win32.Build.0 = MinSizeRel|Win32
		{4069F677-587B-4913-AA39-E7BA81A7AA71}.RelWithDebInfo|Win32.ActiveCfg = RelWithDebInfo|Win32
		{4069F677-587B-4913-AA39-E7BA81A7AA71}.RelWithDebInfo|Win32.Build.0 = RelWithDebInfo|Win32
		{D0361F9F-DC1A-4E95-AAF1-0EAE73B43306}.Debug|Win32.ActiveCfg = Debug|Win32
		{D0361F9F-DC1A-4E95-AAF1-0EAE73B43306}.Debug|Win32.Build.0 = Debug|Win32
		{D0361F9F-DC1A-4E95-AAF1-0EAE73B43306}.Release|Win32.ActiveCfg = Release|Win32
		{D0361F9F-DC1A-4E95-AAF1-0EAE73B43306}.Release|Win32.Build.0 = Release|Win32
		{D0361F9F-DC1A-4E95-AAF1-0EAE73B43306}.MinSizeRel|Win32.ActiveCfg = MinSizeRel|Win32
		{D0361F9F-DC1A-4E95-AAF1-0EAE73B43306}.MinSizeRel|Win32.Build.0 = MinSizeRel|Win32
		{D0361F9F-DC1A-4E95-AAF1-0EAE73B43306}.RelWithDebInfo|Win32.ActiveCfg = RelWithDebInfo|Win32
		{D0361F9F-DC1A-4E95-AAF1-0EAE73B43306}.RelWithDebInfo|Win32.Build.0 = RelWithDebInfo|Win32
		{754E5B78-C712-479F-8C01-71D33FCACD41}.Debug|Win32.ActiveCfg = Debug|Win32
		{754E5B78-C712-479F-8C01-71D33FCACD41}.Debug|Win32.Build.0 = Debug|Win32
		{754E5B78-C712-479F-8C01-71D33FCACD41}.Release|Win32.ActiveCfg = Release|Win32
		{754E5B78-C712-479F-8C01-71D33FCACD41}.Release|Win32.Build.0 = Release|Win32
		{754E5B78-C712-479F-8C01-71D33FCACD41}.MinSizeRel|Win32.ActiveCfg = MinSizeRel|Win32
		{754E5B78-C712-479F-8C01-71D33FCACD41}.MinSizeRel|Win32.Build.0 = MinSizeRel|Win32
		{754E5B78-C712-479F-8C01-71D33FCACD41}.RelWithDebInfo|Win32.ActiveCfg = RelWithDebInfo|Win32
		{754E5B78-C712-479F-8C01-71D33FCACD41}.RelWithDebInfo|Win32.Build.0 = RelWithDebInfo|Win32
		{82ACBFAF-D873-471C-BF68-EBEE70CC3473}.Debug|Win32.ActiveCfg = Debug|Win32
		{82ACBFAF-D873-471C-BF68-EBEE70CC3473}.Debug|Win32.Build.0 = Debug|Win32
		{82ACBFAF-D873-471C-BF68-EBEE70CC3473}.Release|Win32.ActiveCfg = Release|Win32
		{82ACBFAF-D873-471C-BF68-EBEE70CC3473}.Release|Win32.Build.0 = Release|Win32
		{82ACBFAF-D873-471C-BF68-EBEE70CC3473}.MinSizeRel|Win32.ActiveCfg = MinSizeRel|Win32
		{82ACBFAF-D873-471C-BF68-EBEE70CC3473}.MinSizeRel|Win32.Build.0 = MinSizeRel|Win32
		{82ACBFAF-D873-471C-BF68-EBEE70CC3473}.RelWithDebInfo|Win32.ActiveCfg = RelWithDebInfo|Win32
		{82ACBFAF-D873-471C-BF68-EBEE70CC3473}.RelWithDebInfo|Win32.Build.0 = RelWithDebInfo|Win32
		{00B2AFE5-F5FD-401D-956D-B5A87A9D6A89}.Debug|Win32.ActiveCfg = Debug|Win32
		{00B2AFE5-F5FD-401D-956D-B5A87A9D6A89}.Debug|Win32.Build.0 = Debug|Win32
		{00B2AFE5-F5FD-401D-956D-B5A87A9D6A89}.Release|Win32.ActiveCfg = Release|Win32
		{00B2AFE5-F5FD-401D-956D-B5A87A9D6A89}.Release|Win32.Build.0 = Release|Win32
		{00B2AFE5-F5FD-401D-956D-B5A87A9D6A89}.MinSizeRel|Win32.ActiveCfg = MinSizeRel|Win32
		{00B2AFE5-F5FD-401D-956D-B5A87A9D6A89}.MinSizeRel|Win32.Build.0 = MinSizeRel|Win32
		{00B2AFE5-F5FD-401D-956D-B5A87A9D6A89}.RelWithDebInfo|Win32.ActiveCfg = RelWithDebInfo|Win32
		{00B2AFE5-F5FD-401D-956D-B5A87A9D6A89}.RelWithDebInfo|Win32.Build.0 = RelWithDebInfo|Win32
		{56549A90-9B8C-4350-BEEF-0B8775BDACC1}.Debug|Win32.ActiveCfg = Debug|Win32
		{56549A90-9B8C-4350-BEEF-0B8775BDACC1}.Debug|Win32.Build.0 = Debug|Win32
		{56549A90-9B8C-4350-BEEF-0B8775BDACC1}.Release|Win32.ActiveCfg = Release|Win32
		{56549A90-9B8C-4350-BEEF-0B8775BDACC1}.Release|Win32.Build.0 = Release|Win32
		{56549A90-9B8C-4350-BEEF-0B8775BDACC1}.MinSizeRel|Win32.ActiveCfg = MinSizeRel|Win32
		{56549A90-9B8C-4350-BEEF-0B8775BDACC1}.MinSizeRel|Win32.Build.0 = MinSizeRel|Win32
		{56549A90-9B8C-4350-BEEF-0B8775BDACC1}.RelWithDebInfo|Win32.ActiveCfg = RelWithDebInfo|Win32
		{56549A90-9B8C-4350-BEEF-0B8775BDACC1}.RelWithDebInfo|Win32.Build.0 = RelWithDebInfo|Win32
		{F868361D-653E-4751-853B-557D5BC6318A}.Debug|Win32.ActiveCfg = Debug|Win32
		{F868361D-653E-4751-853B-557D5BC6318A}.Debug|Win32.Build.0 = Debug|Win32
		{F868361D-653E-4751-853B-557D5BC6318A}.Release|Win32.ActiveCfg = Release|Win32
		{F868361D-653E-4751-853B-557D5BC6318A}.Release|Win32.Build.0 = Release|Win32
		{F868361D-653E-4751-853B-557D5BC6318A}.MinSizeRel|Win32.ActiveCfg = MinSizeRel|Win32
		{F868361D-653E-4751-853B-557D5BC6318A}.MinSizeRel|Win32.Build.0 = MinSizeRel|Win32
		{F868361D-653E-4751-853B-557D5BC6318A}.RelWithDebInfo|Win32.ActiveCfg = RelWithDebInfo|Win32
		{F868361D-653E-4751-853B-557D5BC6318A}.RelWithDebInfo|Win32.Build.0 = RelWithDebInfo|Win32
		{950E0E33-1952-4A80-8759-73125BF9275C}.Debug|Win32.ActiveCfg = Debug|Win32
		{950E0E33-1952-4A80-8759-73125BF9275C}.Debug|Win32.Build.0 = Debug|Win32
		{950E0E33-1952-4A80-8759-73125BF9275C}.Release|Win32.ActiveCfg = Release|Win32
		{950E0E33-1952-4A80-8759-73125BF9275C}.Release|Win32.Build.0 = Release|Win32
		{950E0E33-1952-4A80-8759-73125BF9275C}.MinSizeRel|Win32.ActiveCfg = MinSizeRel|Win32
		{950E0E33-1952-4A80-8759-73125BF9275C}.MinSizeRel|Win32.Build.0 = MinSizeRel|Win32
		{950E0E33-1952-4A80-8759-73125BF9275C}.RelWithDebInfo|Win32.ActiveCfg = RelWithDebInfo|Win32
		{950E0E33-1952-4A80-8759-73125BF9275C}.RelWithDebInfo|Win32.Build.0 = RelWithDebInfo|Win32
		{8B16F0C6-842C-4D99-9BF2-F86D449F52F1}.Debug|Win32.ActiveCfg = Debug|Win32
		{8B16F0C6-842C-4D99-9BF2-F86D449F52F1}.Debug|Win32.Build.0 = Debug|Win32
		{8B16F0C6-842C-4D99-9BF2-F86D449F52F1}.Release|Win32.ActiveCfg = Release|Win32
		{8B16F0C6-842C-4D99-9BF2-F86D449F52F1}.Release|Win32.Build.0 = Release|Win32
		{8B16F0C6-842C-4D99-9BF2-F86D449F52F1}.MinSizeRel|Win32.ActiveCfg = MinSizeRel|Win32
		{8B16F0C6-842C-4D99-9BF2-F86D449F52F1}.MinSizeRel|Win32.Build.0 = MinSizeRel|Win32
		{8B16F0C6-842C-4D99-9BF2-F86D449F52F1}.RelWithDebInfo|Win32.ActiveCfg = RelWithDebInfo|Win32
		{8B16F0C6-842C-4D99-9BF2-F86D449F52F1}.RelWithDebInfo|Win32.Build.0 = RelWithDebInfo|Win32
		{D6CDA744-10CF-461C-B1FC-51C7E69C514C}.Debug|Win32.ActiveCfg = Debug|Win32
		{D6CDA744-10CF-461C-B1FC-51C7E69C514C}.Debug|Win32.Build.0 = Debug|Win32
		{D6CDA744-10CF-461C-B1FC-51C7E69C514C}.Release|Win32.ActiveCfg = Release|Win32
		{D6CDA744-10CF-461C-B1FC-51C7E69C514C}.Release|Win32.Build.0 = Release|Win32
		{D6CDA744-10CF-461C-B1FC-51C7E69C514C}.MinSizeRel|Win32.ActiveCfg = MinSizeRel|Win32
		{D6CDA744-10CF-461C-B1FC-51C7E69C514C}.MinSizeRel|Win32.Build.0 = MinSizeRel|Win32
		{D6CDA744-10CF-461C-B1FC-51C7E69C514C}.RelWithDebInfo|Win32.ActiveCfg = RelWithDebInfo|Win32
		{D6CDA744-10CF-461C-B1FC-51C7E69C514C}.RelWithDebInfo|Win32.Build.0 = RelWithDebInfo|Win32
	EndGlobalSection
	GlobalSection(NestedProjects) = preSolution
		{D6CDA744-10CF-461C-B1FC-51C7E69C514C} = {2658D48A-4FDE-42D5-86DB-933C46D7EF06}
		{9BD2F67F-58E9-4868-BC20-DEF8B78598CB} = {B58AADA9-11DF-46E8-918B-B2DEB9F529CB}
		{FF74A7AC-AD5C-469F-A723-2B0A7E8FDEF4} = {B58AADA9-11DF-46E8-918B-B2DEB9F529CB}
		{542D513E-037B-4AC9-8797-B350CF2DA2F1} = {B58AADA9-11DF-46E8-918B-B2DEB9F529CB}
		{4BC1E7E5-A6D0-40AE-BA6F-C090235BB84D} = {0B79AC38-5ED3-4931-8A97-6E84966C67C7}
		{CE67D16B-98B9-4042-B588-9EEDE99E21F7} = {1539E18E-CBF2-4104-B81B-766BCAF33EA5}
		{C3A2FB9D-0DB7-4E9C-825A-8128CA1B015F} = {1539E18E-CBF2-4104-B81B-766BCAF33EA5}
		{4069F677-587B-4913-AA39-E7BA81A7AA71} = {1539E18E-CBF2-4104-B81B-766BCAF33EA5}
		{D0361F9F-DC1A-4E95-AAF1-0EAE73B43306} = {1539E18E-CBF2-4104-B81B-766BCAF33EA5}
		{754E5B78-C712-479F-8C01-71D33FCACD41} = {1539E18E-CBF2-4104-B81B-766BCAF33EA5}
		{82ACBFAF-D873-471C-BF68-EBEE70CC3473} = {1539E18E-CBF2-4104-B81B-766BCAF33EA5}
		{00B2AFE5-F5FD-401D-956D-B5A87A9D6A89} = {1539E18E-CBF2-4104-B81B-766BCAF33EA5}
		{56549A90-9B8C-4350-BEEF-0B8775BDACC1} = {1539E18E-CBF2-4104-B81B-766BCAF33EA5}
		{F868361D-653E-4751-853B-557D5BC6318A} = {1539E18E-CBF2-4104-B81B-766BCAF33EA5}
		{950E0E33-1952-4A80-8759-73125BF9275C} = {1539E18E-CBF2-4104-B81B-766BCAF33EA5}
		{8B16F0C6-842C-4D99-9BF2-F86D449F52F1} = {1539E18E-CBF2-4104-B81B-766BCAF33EA5}
	EndGlobalSection
	GlobalSection(ExtensibilityGlobals) = postSolution
	EndGlobalSection
	GlobalSection(ExtensibilityAddIns) = postSolution
	EndGlobalSection
EndGlobal
